dependencies:
- name: postgresql
  repository: https://charts.bitnami.com/bitnami
  version: 16.7.11
- name: rabbitmq
  repository: https://charts.bitnami.com/bitnami
  version: 16.0.8
digest: sha256:2730c296482b09d9b079ef32cc08ecb20d996b70325b76f15942556fd95d8fd9
generated: "2025-06-16T17:44:28.943263602+02:00"
